
Microsoft Visual Studio Solution File, Format Version 12.00
# Visual Studio Version 17
VisualStudioVersion = 17.4.33205.214
MinimumVisualStudioVersion = 10.0.40219.1
Project("{FAE04EC0-301F-11D3-BF4B-00C04F79EFBC}") = "UzInfoComStudents", "UzInfoComStudents.csproj", "{71953690-E2B1-4C7B-86D3-8068FC9ACFF8}"
EndProject
Global
	GlobalSection(SolutionConfigurationPlatforms) = preSolution
		Debug|Any CPU = Debug|Any CPU
		Release|Any CPU = Release|Any CPU
	EndGlobalSection
	GlobalSection(ProjectConfigurationPlatforms) = postSolution
		{71953690-E2B1-4C7B-86D3-8068FC9ACFF8}.Debug|Any CPU.ActiveCfg = Debug|Any CPU
		{71953690-E2B1-4C7B-86D3-8068FC9ACFF8}.Debug|Any CPU.Build.0 = Debug|Any CPU
		{71953690-E2B1-4C7B-86D3-8068FC9ACFF8}.Release|Any CPU.ActiveCfg = Release|Any CPU
		{71953690-E2B1-4C7B-86D3-8068FC9ACFF8}.Release|Any CPU.Build.0 = Release|Any CPU
	EndGlobalSection
	GlobalSection(SolutionProperties) = preSolution
		HideSolutionNode = FALSE
	EndGlobalSection
	GlobalSection(ExtensibilityGlobals) = postSolution
		SolutionGuid = {515AB1D0-51F7-470F-82A4-75C3DF9DDA49}
	EndGlobalSection
EndGlobal
